// !$*UTF8*$!
{
	archiveVersion = 1;
	classes = {
	};
	objectVersion = 56;
	objects = {

/* Begin PBXBuildFile section */
		B41AC9A32C36F84900FA23C1 /* Structure in Frameworks */ = {isa = PBXBuildFile; productRef = B41AC9A22C36F84900FA23C1 /* Structure */; };
		B4479A862C38BBEC00218AA4 /* Customization in Frameworks */ = {isa = PBXBuildFile; productRef = B4479A852C38BBEC00218AA4 /* Customization */; };
		B4479A892C3CB32F00218AA4 /* Interoperability in Frameworks */ = {isa = PBXBuildFile; productRef = B4479A882C3CB32F00218AA4 /* Interoperability */; };
		B454F2E42C3796D10063F25B /* RootView.swift in Sources */ = {isa = PBXBuildFile; fileRef = B454F2E32C3796CF0063F25B /* RootView.swift */; };
		B454F2EA2C37A0090063F25B /* LayoutTools in Frameworks */ = {isa = PBXBuildFile; productRef = B454F2E92C37A0090063F25B /* LayoutTools */; };
		B49A33AC2C3CCFF90000FBD0 /* InteractionAndData in Frameworks */ = {isa = PBXBuildFile; productRef = B49A33AB2C3CCFF90000FBD0 /* InteractionAndData */; };
		B4D174BC2C35E88100390151 /* cocoaheads_swiftui_workshopApp.swift in Sources */ = {isa = PBXBuildFile; fileRef = B4D174BB2C35E88100390151 /* cocoaheads_swiftui_workshopApp.swift */; };
		B4D174BE2C35E88100390151 /* ContentView.swift in Sources */ = {isa = PBXBuildFile; fileRef = B4D174BD2C35E88100390151 /* ContentView.swift */; };
		B4D174C02C35E88100390151 /* Item.swift in Sources */ = {isa = PBXBuildFile; fileRef = B4D174BF2C35E88100390151 /* Item.swift */; };
		B4D174C22C35E88300390151 /* Assets.xcassets in Resources */ = {isa = PBXBuildFile; fileRef = B4D174C12C35E88300390151 /* Assets.xcassets */; };
		B4D174C62C35E88300390151 /* Preview Assets.xcassets in Resources */ = {isa = PBXBuildFile; fileRef = B4D174C52C35E88300390151 /* Preview Assets.xcassets */; };
/* End PBXBuildFile section */

/* Begin PBXFileReference section */
		B41AC9A02C36E99F00FA23C1 /* Structure */ = {isa = PBXFileReference; lastKnownFileType = wrapper; path = Structure; sourceTree = "<group>"; };
		B4479A842C38BB4E00218AA4 /* Customization */ = {isa = PBXFileReference; lastKnownFileType = wrapper; path = Customization; sourceTree = "<group>"; };
		B4479A872C3CB25400218AA4 /* Interoperability */ = {isa = PBXFileReference; lastKnownFileType = wrapper; path = Interoperability; sourceTree = "<group>"; };
		B4479A8A2C3CCE5200218AA4 /* InteractionAndData */ = {isa = PBXFileReference; lastKnownFileType = wrapper; path = InteractionAndData; sourceTree = "<group>"; };
		B454F2E32C3796CF0063F25B /* RootView.swift */ = {isa = PBXFileReference; lastKnownFileType = sourcecode.swift; path = RootView.swift; sourceTree = "<group>"; };
		B454F2E82C379FFD0063F25B /* LayoutTools */ = {isa = PBXFileReference; lastKnownFileType = wrapper; path = LayoutTools; sourceTree = "<group>"; };
		B454F2EE2C37ABAF0063F25B /* Common */ = {isa = PBXFileReference; lastKnownFileType = wrapper; path = Common; sourceTree = "<group>"; };
		B4D174B82C35E88100390151 /* cocoaheads-swiftui-workshop.app */ = {isa = PBXFileReference; explicitFileType = wrapper.application; includeInIndex = 0; path = "cocoaheads-swiftui-workshop.app"; sourceTree = BUILT_PRODUCTS_DIR; };
		B4D174BB2C35E88100390151 /* cocoaheads_swiftui_workshopApp.swift */ = {isa = PBXFileReference; lastKnownFileType = sourcecode.swift; path = cocoaheads_swiftui_workshopApp.swift; sourceTree = "<group>"; };
		B4D174BD2C35E88100390151 /* ContentView.swift */ = {isa = PBXFileReference; lastKnownFileType = sourcecode.swift; path = ContentView.swift; sourceTree = "<group>"; };
		B4D174BF2C35E88100390151 /* Item.swift */ = {isa = PBXFileReference; lastKnownFileType = sourcecode.swift; path = Item.swift; sourceTree = "<group>"; };
		B4D174C12C35E88300390151 /* Assets.xcassets */ = {isa = PBXFileReference; lastKnownFileType = folder.assetcatalog; path = Assets.xcassets; sourceTree = "<group>"; };
		B4D174C32C35E88300390151 /* cocoaheads_swiftui_workshop.entitlements */ = {isa = PBXFileReference; lastKnownFileType = text.plist.entitlements; path = cocoaheads_swiftui_workshop.entitlements; sourceTree = "<group>"; };
		B4D174C52C35E88300390151 /* Preview Assets.xcassets */ = {isa = PBXFileReference; lastKnownFileType = folder.assetcatalog; path = "Preview Assets.xcassets"; sourceTree = "<group>"; };
/* End PBXFileReference section */

/* Begin PBXFrameworksBuildPhase section */
		B4D174B52C35E88100390151 /* Frameworks */ = {
			isa = PBXFrameworksBuildPhase;
			buildActionMask = 2147483647;
			files = (
				B454F2EA2C37A0090063F25B /* LayoutTools in Frameworks */,
				B4479A862C38BBEC00218AA4 /* Customization in Frameworks */,
				B4479A892C3CB32F00218AA4 /* Interoperability in Frameworks */,
				B41AC9A32C36F84900FA23C1 /* Structure in Frameworks */,
				B49A33AC2C3CCFF90000FBD0 /* InteractionAndData in Frameworks */,
			);
			runOnlyForDeploymentPostprocessing = 0;
		};
/* End PBXFrameworksBuildPhase section */

/* Begin PBXGroup section */
		B41AC9A12C36F84900FA23C1 /* Frameworks */ = {
			isa = PBXGroup;
			children = (
			);
			name = Frameworks;
			sourceTree = "<group>";
		};
		B4D174AF2C35E88100390151 = {
			isa = PBXGroup;
			children = (
				B4479A8A2C3CCE5200218AA4 /* InteractionAndData */,
				B4479A872C3CB25400218AA4 /* Interoperability */,
				B4479A842C38BB4E00218AA4 /* Customization */,
				B454F2EE2C37ABAF0063F25B /* Common */,
				B454F2E82C379FFD0063F25B /* LayoutTools */,
				B41AC9A02C36E99F00FA23C1 /* Structure */,
				B4D174BA2C35E88100390151 /* cocoaheads-swiftui-workshop */,
				B4D174B92C35E88100390151 /* Products */,
				B41AC9A12C36F84900FA23C1 /* Frameworks */,
			);
			sourceTree = "<group>";
		};
		B4D174B92C35E88100390151 /* Products */ = {
			isa = PBXGroup;
			children = (
				B4D174B82C35E88100390151 /* cocoaheads-swiftui-workshop.app */,
			);
			name = Products;
			sourceTree = "<group>";
		};
		B4D174BA2C35E88100390151 /* cocoaheads-swiftui-workshop */ = {
			isa = PBXGroup;
			children = (
				B454F2E32C3796CF0063F25B /* RootView.swift */,
				B4D174BB2C35E88100390151 /* cocoaheads_swiftui_workshopApp.swift */,
				B4D174BD2C35E88100390151 /* ContentView.swift */,
				B4D174BF2C35E88100390151 /* Item.swift */,
				B4D174C12C35E88300390151 /* Assets.xcassets */,
				B4D174C32C35E88300390151 /* cocoaheads_swiftui_workshop.entitlements */,
				B4D174C42C35E88300390151 /* Preview Content */,
			);
			path = "cocoaheads-swiftui-workshop";
			sourceTree = "<group>";
		};
		B4D174C42C35E88300390151 /* Preview Content */ = {
			isa = PBXGroup;
			children = (
				B4D174C52C35E88300390151 /* Preview Assets.xcassets */,
			);
			path = "Preview Content";
			sourceTree = "<group>";
		};
/* End PBXGroup section */

/* Begin PBXNativeTarget section */
		B4D174B72C35E88100390151 /* cocoaheads-swiftui-workshop */ = {
			isa = PBXNativeTarget;
			buildConfigurationList = B4D174C92C35E88300390151 /* Build configuration list for PBXNativeTarget "cocoaheads-swiftui-workshop" */;
			buildPhases = (
				B4D174B42C35E88100390151 /* Sources */,
				B4D174B52C35E88100390151 /* Frameworks */,
				B4D174B62C35E88100390151 /* Resources */,
			);
			buildRules = (
			);
			dependencies = (
			);
			name = "cocoaheads-swiftui-workshop";
			packageProductDependencies = (
				B41AC9A22C36F84900FA23C1 /* Structure */,
				B454F2E92C37A0090063F25B /* LayoutTools */,
				B4479A852C38BBEC00218AA4 /* Customization */,
				B4479A882C3CB32F00218AA4 /* Interoperability */,
				B49A33AB2C3CCFF90000FBD0 /* InteractionAndData */,
			);
			productName = "cocoaheads-swiftui-workshop";
			productReference = B4D174B82C35E88100390151 /* cocoaheads-swiftui-workshop.app */;
			productType = "com.apple.product-type.application";
		};
/* End PBXNativeTarget section */

/* Begin PBXProject section */
		B4D174B02C35E88100390151 /* Project object */ = {
			isa = PBXProject;
			attributes = {
				BuildIndependentTargetsInParallel = 1;
				LastSwiftUpdateCheck = 1520;
				LastUpgradeCheck = 1520;
				TargetAttributes = {
					B4D174B72C35E88100390151 = {
						CreatedOnToolsVersion = 15.2;
					};
				};
			};
			buildConfigurationList = B4D174B32C35E88100390151 /* Build configuration list for PBXProject "cocoaheads-swiftui-workshop" */;
			compatibilityVersion = "Xcode 14.0";
			developmentRegion = en;
			hasScannedForEncodings = 0;
			knownRegions = (
				en,
				Base,
			);
			mainGroup = B4D174AF2C35E88100390151;
			productRefGroup = B4D174B92C35E88100390151 /* Products */;
			projectDirPath = "";
			projectRoot = "";
			targets = (
				B4D174B72C35E88100390151 /* cocoaheads-swiftui-workshop */,
			);
		};
/* End PBXProject section */

/* Begin PBXResourcesBuildPhase section */
		B4D174B62C35E88100390151 /* Resources */ = {
			isa = PBXResourcesBuildPhase;
			buildActionMask = 2147483647;
			files = (
				B4D174C62C35E88300390151 /* Preview Assets.xcassets in Resources */,
				B4D174C22C35E88300390151 /* Assets.xcassets in Resources */,
			);
			runOnlyForDeploymentPostprocessing = 0;
		};
/* End PBXResourcesBuildPhase section */

/* Begin PBXSourcesBuildPhase section */
		B4D174B42C35E88100390151 /* Sources */ = {
			isa = PBXSourcesBuildPhase;
			buildActionMask = 2147483647;
			files = (
				B454F2E42C3796D10063F25B /* RootView.swift in Sources */,
				B4D174BE2C35E88100390151 /* ContentView.swift in Sources */,
				B4D174C02C35E88100390151 /* Item.swift in Sources */,
				B4D174BC2C35E88100390151 /* cocoaheads_swiftui_workshopApp.swift in Sources */,
			);
			runOnlyForDeploymentPostprocessing = 0;
		};
/* End PBXSourcesBuildPhase section */

/* Begin XCBuildConfiguration section */
		B4D174C72C35E88300390151 /* Debug */ = {
			isa = XCBuildConfiguration;
			buildSettings = {
				ALWAYS_SEARCH_USER_PATHS = NO;
				ASSETCATALOG_COMPILER_GENERATE_SWIFT_ASSET_SYMBOL_EXTENSIONS = YES;
				CLANG_ANALYZER_NONNULL = YES;
				CLANG_ANALYZER_NUMBER_OBJECT_CONVERSION = YES_AGGRESSIVE;
				CLANG_CXX_LANGUAGE_STANDARD = "gnu++20";
				CLANG_ENABLE_MODULES = YES;
				CLANG_ENABLE_OBJC_ARC = YES;
				CLANG_ENABLE_OBJC_WEAK = YES;
				CLANG_WARN_BLOCK_CAPTURE_AUTORELEASING = YES;
				CLANG_WARN_BOOL_CONVERSION = YES;
				CLANG_WARN_COMMA = YES;
				CLANG_WARN_CONSTANT_CONVERSION = YES;
				CLANG_WARN_DEPRECATED_OBJC_IMPLEMENTATIONS = YES;
				CLANG_WARN_DIRECT_OBJC_ISA_USAGE = YES_ERROR;
				CLANG_WARN_DOCUMENTATION_COMMENTS = YES;
				CLANG_WARN_EMPTY_BODY = YES;
				CLANG_WARN_ENUM_CONVERSION = YES;
				CLANG_WARN_INFINITE_RECURSION = YES;
				CLANG_WARN_INT_CONVERSION = YES;
				CLANG_WARN_NON_LITERAL_NULL_CONVERSION = YES;
				CLANG_WARN_OBJC_IMPLICIT_RETAIN_SELF = YES;
				CLANG_WARN_OBJC_LITERAL_CONVERSION = YES;
				CLANG_WARN_OBJC_ROOT_CLASS = YES_ERROR;
				CLANG_WARN_QUOTED_INCLUDE_IN_FRAMEWORK_HEADER = YES;
				CLANG_WARN_RANGE_LOOP_ANALYSIS = YES;
				CLANG_WARN_STRICT_PROTOTYPES = YES;
				CLANG_WARN_SUSPICIOUS_MOVE = YES;
				CLANG_WARN_UNGUARDED_AVAILABILITY = YES_AGGRESSIVE;
				CLANG_WARN_UNREACHABLE_CODE = YES;
				CLANG_WARN__DUPLICATE_METHOD_MATCH = YES;
				COPY_PHASE_STRIP = NO;
				DEBUG_INFORMATION_FORMAT = dwarf;
				ENABLE_STRICT_OBJC_MSGSEND = YES;
				ENABLE_TESTABILITY = YES;
				ENABLE_USER_SCRIPT_SANDBOXING = YES;
				GCC_C_LANGUAGE_STANDARD = gnu17;
				GCC_DYNAMIC_NO_PIC = NO;
				GCC_NO_COMMON_BLOCKS = YES;
				GCC_OPTIMIZATION_LEVEL = 0;
				GCC_PREPROCESSOR_DEFINITIONS = (
					"DEBUG=1",
					"$(inherited)",
				);
				GCC_WARN_64_TO_32_BIT_CONVERSION = YES;
				GCC_WARN_ABOUT_RETURN_TYPE = YES_ERROR;
				GCC_WARN_UNDECLARED_SELECTOR = YES;
				GCC_WARN_UNINITIALIZED_AUTOS = YES_AGGRESSIVE;
				GCC_WARN_UNUSED_FUNCTION = YES;
				GCC_WARN_UNUSED_VARIABLE = YES;
				LOCALIZATION_PREFERS_STRING_CATALOGS = YES;
				MTL_ENABLE_DEBUG_INFO = INCLUDE_SOURCE;
				MTL_FAST_MATH = YES;
				ONLY_ACTIVE_ARCH = YES;
				SWIFT_ACTIVE_COMPILATION_CONDITIONS = "DEBUG $(inherited)";
				SWIFT_OPTIMIZATION_LEVEL = "-Onone";
			};
			name = Debug;
		};
		B4D174C82C35E88300390151 /* Release */ = {
			isa = XCBuildConfiguration;
			buildSettings = {
				ALWAYS_SEARCH_USER_PATHS = NO;
				ASSETCATALOG_COMPILER_GENERATE_SWIFT_ASSET_SYMBOL_EXTENSIONS = YES;
				CLANG_ANALYZER_NONNULL = YES;
				CLANG_ANALYZER_NUMBER_OBJECT_CONVERSION = YES_AGGRESSIVE;
				CLANG_CXX_LANGUAGE_STANDARD = "gnu++20";
				CLANG_ENABLE_MODULES = YES;
				CLANG_ENABLE_OBJC_ARC = YES;
				CLANG_ENABLE_OBJC_WEAK = YES;
				CLANG_WARN_BLOCK_CAPTURE_AUTORELEASING = YES;
				CLANG_WARN_BOOL_CONVERSION = YES;
				CLANG_WARN_COMMA = YES;
				CLANG_WARN_CONSTANT_CONVERSION = YES;
				CLANG_WARN_DEPRECATED_OBJC_IMPLEMENTATIONS = YES;
				CLANG_WARN_DIRECT_OBJC_ISA_USAGE = YES_ERROR;
				CLANG_WARN_DOCUMENTATION_COMMENTS = YES;
				CLANG_WARN_EMPTY_BODY = YES;
				CLANG_WARN_ENUM_CONVERSION = YES;
				CLANG_WARN_INFINITE_RECURSION = YES;
				CLANG_WARN_INT_CONVERSION = YES;
				CLANG_WARN_NON_LITERAL_NULL_CONVERSION = YES;
				CLANG_WARN_OBJC_IMPLICIT_RETAIN_SELF = YES;
				CLANG_WARN_OBJC_LITERAL_CONVERSION = YES;
				CLANG_WARN_OBJC_ROOT_CLASS = YES_ERROR;
				CLANG_WARN_QUOTED_INCLUDE_IN_FRAMEWORK_HEADER = YES;
				CLANG_WARN_RANGE_LOOP_ANALYSIS = YES;
				CLANG_WARN_STRICT_PROTOTYPES = YES;
				CLANG_WARN_SUSPICIOUS_MOVE = YES;
				CLANG_WARN_UNGUARDED_AVAILABILITY = YES_AGGRESSIVE;
				CLANG_WARN_UNREACHABLE_CODE = YES;
				CLANG_WARN__DUPLICATE_METHOD_MATCH = YES;
				COPY_PHASE_STRIP = NO;
				DEBUG_INFORMATION_FORMAT = "dwarf-with-dsym";
				ENABLE_NS_ASSERTIONS = NO;
				ENABLE_STRICT_OBJC_MSGSEND = YES;
				ENABLE_USER_SCRIPT_SANDBOXING = YES;
				GCC_C_LANGUAGE_STANDARD = gnu17;
				GCC_NO_COMMON_BLOCKS = YES;
				GCC_WARN_64_TO_32_BIT_CONVERSION = YES;
				GCC_WARN_ABOUT_RETURN_TYPE = YES_ERROR;
				GCC_WARN_UNDECLARED_SELECTOR = YES;
				GCC_WARN_UNINITIALIZED_AUTOS = YES_AGGRESSIVE;
				GCC_WARN_UNUSED_FUNCTION = YES;
				GCC_WARN_UNUSED_VARIABLE = YES;
				LOCALIZATION_PREFERS_STRING_CATALOGS = YES;
				MTL_ENABLE_DEBUG_INFO = NO;
				MTL_FAST_MATH = YES;
				SWIFT_COMPILATION_MODE = wholemodule;
			};
			name = Release;
		};
		B4D174CA2C35E88300390151 /* Debug */ = {
			isa = XCBuildConfiguration;
			buildSettings = {
				ASSETCATALOG_COMPILER_APPICON_NAME = AppIcon;
				ASSETCATALOG_COMPILER_GLOBAL_ACCENT_COLOR_NAME = AccentColor;
				CODE_SIGN_ENTITLEMENTS = "cocoaheads-swiftui-workshop/cocoaheads_swiftui_workshop.entitlements";
				"CODE_SIGN_IDENTITY[sdk=macosx*]" = "-";
				CODE_SIGN_STYLE = Automatic;
				CURRENT_PROJECT_VERSION = 1;
				DEVELOPMENT_ASSET_PATHS = "\"cocoaheads-swiftui-workshop/Preview Content\"";
				ENABLE_PREVIEWS = YES;
				GENERATE_INFOPLIST_FILE = YES;
				"INFOPLIST_KEY_UIApplicationSceneManifest_Generation[sdk=iphoneos*]" = YES;
				"INFOPLIST_KEY_UIApplicationSceneManifest_Generation[sdk=iphonesimulator*]" = YES;
				"INFOPLIST_KEY_UIApplicationSupportsIndirectInputEvents[sdk=iphoneos*]" = YES;
				"INFOPLIST_KEY_UIApplicationSupportsIndirectInputEvents[sdk=iphonesimulator*]" = YES;
				"INFOPLIST_KEY_UILaunchScreen_Generation[sdk=iphoneos*]" = YES;
				"INFOPLIST_KEY_UILaunchScreen_Generation[sdk=iphonesimulator*]" = YES;
				"INFOPLIST_KEY_UIStatusBarStyle[sdk=iphoneos*]" = UIStatusBarStyleDefault;
				"INFOPLIST_KEY_UIStatusBarStyle[sdk=iphonesimulator*]" = UIStatusBarStyleDefault;
				INFOPLIST_KEY_UISupportedInterfaceOrientations_iPad = "UIInterfaceOrientationPortrait UIInterfaceOrientationPortraitUpsideDown UIInterfaceOrientationLandscapeLeft UIInterfaceOrientationLandscapeRight";
				INFOPLIST_KEY_UISupportedInterfaceOrientations_iPhone = "UIInterfaceOrientationPortrait UIInterfaceOrientationLandscapeLeft UIInterfaceOrientationLandscapeRight";
				IPHONEOS_DEPLOYMENT_TARGET = 17.2;
				LD_RUNPATH_SEARCH_PATHS = "@executable_path/Frameworks";
				"LD_RUNPATH_SEARCH_PATHS[sdk=macosx*]" = "@executable_path/../Frameworks";
				MACOSX_DEPLOYMENT_TARGET = 14.0;
				MARKETING_VERSION = 1.0;
				PRODUCT_BUNDLE_IDENTIFIER = "me.mauriciocardozo.cocoaheads-swiftui-workshop";
				PRODUCT_NAME = "$(TARGET_NAME)";
				SDKROOT = auto;
				SUPPORTED_PLATFORMS = "appletvos appletvsimulator iphoneos iphonesimulator xros xrsimulator";
				SUPPORTS_MACCATALYST = YES;
				SWIFT_EMIT_LOC_STRINGS = YES;
				SWIFT_VERSION = 5.0;
				TARGETED_DEVICE_FAMILY = "1,2,3,7";
			};
			name = Debug;
		};
		B4D174CB2C35E88300390151 /* Release */ = {
			isa = XCBuildConfiguration;
			buildSettings = {
				ASSETCATALOG_COMPILER_APPICON_NAME = AppIcon;
				ASSETCATALOG_COMPILER_GLOBAL_ACCENT_COLOR_NAME = AccentColor;
				CODE_SIGN_ENTITLEMENTS = "cocoaheads-swiftui-workshop/cocoaheads_swiftui_workshop.entitlements";
				"CODE_SIGN_IDENTITY[sdk=macosx*]" = "-";
				CODE_SIGN_STYLE = Automatic;
				CURRENT_PROJECT_VERSION = 1;
				DEVELOPMENT_ASSET_PATHS = "\"cocoaheads-swiftui-workshop/Preview Content\"";
				ENABLE_PREVIEWS = YES;
				GENERATE_INFOPLIST_FILE = YES;
				"INFOPLIST_KEY_UIApplicationSceneManifest_Generation[sdk=iphoneos*]" = YES;
				"INFOPLIST_KEY_UIApplicationSceneManifest_Generation[sdk=iphonesimulator*]" = YES;
				"INFOPLIST_KEY_UIApplicationSupportsIndirectInputEvents[sdk=iphoneos*]" = YES;
				"INFOPLIST_KEY_UIApplicationSupportsIndirectInputEvents[sdk=iphonesimulator*]" = YES;
				"INFOPLIST_KEY_UILaunchScreen_Generation[sdk=iphoneos*]" = YES;
				"INFOPLIST_KEY_UILaunchScreen_Generation[sdk=iphonesimulator*]" = YES;
				"INFOPLIST_KEY_UIStatusBarStyle[sdk=iphoneos*]" = UIStatusBarStyleDefault;
				"INFOPLIST_KEY_UIStatusBarStyle[sdk=iphonesimulator*]" = UIStatusBarStyleDefault;
				INFOPLIST_KEY_UISupportedInterfaceOrientations_iPad = "UIInterfaceOrientationPortrait UIInterfaceOrientationPortraitUpsideDown UIInterfaceOrientationLandscapeLeft UIInterfaceOrientationLandscapeRight";
				INFOPLIST_KEY_UISupportedInterfaceOrientations_iPhone = "UIInterfaceOrientationPortrait UIInterfaceOrientationLandscapeLeft UIInterfaceOrientationLandscapeRight";
				IPHONEOS_DEPLOYMENT_TARGET = 17.2;
				LD_RUNPATH_SEARCH_PATHS = "@executable_path/Frameworks";
				"LD_RUNPATH_SEARCH_PATHS[sdk=macosx*]" = "@executable_path/../Frameworks";
				MACOSX_DEPLOYMENT_TARGET = 14.0;
				MARKETING_VERSION = 1.0;
				PRODUCT_BUNDLE_IDENTIFIER = "me.mauriciocardozo.cocoaheads-swiftui-workshop";
				PRODUCT_NAME = "$(TARGET_NAME)";
				SDKROOT = auto;
				SUPPORTED_PLATFORMS = "appletvos appletvsimulator iphoneos iphonesimulator xros xrsimulator";
				SUPPORTS_MACCATALYST = YES;
				SWIFT_EMIT_LOC_STRINGS = YES;
				SWIFT_VERSION = 5.0;
				TARGETED_DEVICE_FAMILY = "1,2,3,7";
			};
			name = Release;
		};
/* End XCBuildConfiguration section */

/* Begin XCConfigurationList section */
		B4D174B32C35E88100390151 /* Build configuration list for PBXProject "cocoaheads-swiftui-workshop" */ = {
			isa = XCConfigurationList;
			buildConfigurations = (
				B4D174C72C35E88300390151 /* Debug */,
				B4D174C82C35E88300390151 /* Release */,
			);
			defaultConfigurationIsVisible = 0;
			defaultConfigurationName = Release;
		};
		B4D174C92C35E88300390151 /* Build configuration list for PBXNativeTarget "cocoaheads-swiftui-workshop" */ = {
			isa = XCConfigurationList;
			buildConfigurations = (
				B4D174CA2C35E88300390151 /* Debug */,
				B4D174CB2C35E88300390151 /* Release */,
			);
			defaultConfigurationIsVisible = 0;
			defaultConfigurationName = Release;
		};
/* End XCConfigurationList section */

/* Begin XCSwiftPackageProductDependency section */
		B41AC9A22C36F84900FA23C1 /* Structure */ = {
			isa = XCSwiftPackageProductDependency;
			productName = Structure;
		};
		B4479A852C38BBEC00218AA4 /* Customization */ = {
			isa = XCSwiftPackageProductDependency;
			productName = Customization;
		};
		B4479A882C3CB32F00218AA4 /* Interoperability */ = {
			isa = XCSwiftPackageProductDependency;
			productName = Interoperability;
		};
		B454F2E92C37A0090063F25B /* LayoutTools */ = {
			isa = XCSwiftPackageProductDependency;
			productName = LayoutTools;
		};
		B49A33AB2C3CCFF90000FBD0 /* InteractionAndData */ = {
			isa = XCSwiftPackageProductDependency;
			productName = InteractionAndData;
		};
/* End XCSwiftPackageProductDependency section */
	};
	rootObject = B4D174B02C35E88100390151 /* Project object */;
}
